
Microsoft Visual Studio Solution File, Format Version 12.00
# Visual Studio 15
VisualStudioVersion = 15.0.27703.2000
MinimumVisualStudioVersion = 10.0.40219.1
Project("{FAE04EC0-301F-11D3-BF4B-00C04F79EFBC}") = "BankModel", "BankModel\BankModel.csproj", "{A188C13F-DADD-4E9E-8A4D-9D7F49413643}"
EndProject
Project("{FAE04EC0-301F-11D3-BF4B-00C04F79EFBC}") = "BankService", "BankService\BankService.csproj", "{9DEC6E6F-2836-466A-8C03-E511CC24098B}"
EndProject
Project("{FAE04EC0-301F-11D3-BF4B-00C04F79EFBC}") = "BankRestApi", "BankRestApi\BankRestApi.csproj", "{8E698A55-670D-4320-952F-8BCBEA36117A}"
EndProject
Project("{FAE04EC0-301F-11D3-BF4B-00C04F79EFBC}") = "BankView", "BankView\BankView.csproj", "{53AD9CD3-2472-45A9-8A7D-7403F18820FC}"
EndProject
Global
	GlobalSection(SolutionConfigurationPlatforms) = preSolution
		Debug|Any CPU = Debug|Any CPU
		Release|Any CPU = Release|Any CPU
	EndGlobalSection
	GlobalSection(ProjectConfigurationPlatforms) = postSolution
		{A188C13F-DADD-4E9E-8A4D-9D7F49413643}.Debug|Any CPU.ActiveCfg = Debug|Any CPU
		{A188C13F-DADD-4E9E-8A4D-9D7F49413643}.Debug|Any CPU.Build.0 = Debug|Any CPU
		{A188C13F-DADD-4E9E-8A4D-9D7F49413643}.Release|Any CPU.ActiveCfg = Release|Any CPU
		{A188C13F-DADD-4E9E-8A4D-9D7F49413643}.Release|Any CPU.Build.0 = Release|Any CPU
		{9DEC6E6F-2836-466A-8C03-E511CC24098B}.Debug|Any CPU.ActiveCfg = Debug|Any CPU
		{9DEC6E6F-2836-466A-8C03-E511CC24098B}.Debug|Any CPU.Build.0 = Debug|Any CPU
		{9DEC6E6F-2836-466A-8C03-E511CC24098B}.Release|Any CPU.ActiveCfg = Release|Any CPU
		{9DEC6E6F-2836-466A-8C03-E511CC24098B}.Release|Any CPU.Build.0 = Release|Any CPU
		{8E698A55-670D-4320-952F-8BCBEA36117A}.Debug|Any CPU.ActiveCfg = Debug|Any CPU
		{8E698A55-670D-4320-952F-8BCBEA36117A}.Debug|Any CPU.Build.0 = Debug|Any CPU
		{8E698A55-670D-4320-952F-8BCBEA36117A}.Release|Any CPU.ActiveCfg = Release|Any CPU
		{8E698A55-670D-4320-952F-8BCBEA36117A}.Release|Any CPU.Build.0 = Release|Any CPU
		{53AD9CD3-2472-45A9-8A7D-7403F18820FC}.Debug|Any CPU.ActiveCfg = Debug|Any CPU
		{53AD9CD3-2472-45A9-8A7D-7403F18820FC}.Debug|Any CPU.Build.0 = Debug|Any CPU
		{53AD9CD3-2472-45A9-8A7D-7403F18820FC}.Release|Any CPU.ActiveCfg = Release|Any CPU
		{53AD9CD3-2472-45A9-8A7D-7403F18820FC}.Release|Any CPU.Build.0 = Release|Any CPU
	EndGlobalSection
	GlobalSection(SolutionProperties) = preSolution
		HideSolutionNode = FALSE
	EndGlobalSection
	GlobalSection(ExtensibilityGlobals) = postSolution
		SolutionGuid = {BBCA1C3B-ED76-4D86-A9AF-0B63312A12EA}
	EndGlobalSection
EndGlobal
